// !$*UTF8*$!
{
	archiveVersion = 1;
	classes = {
	};
	objectVersion = 50;
	objects = {

/* Begin PBXBuildFile section */
		EF44B58E248ED80600454625 /* AppDelegate.swift in Sources */ = {isa = PBXBuildFile; fileRef = EF44B58D248ED80600454625 /* AppDelegate.swift */; };
		EF44B590248ED80600454625 /* art.scnassets in Resources */ = {isa = PBXBuildFile; fileRef = EF44B58F248ED80600454625 /* art.scnassets */; };
		EF44B592248ED80600454625 /* ViewController.swift in Sources */ = {isa = PBXBuildFile; fileRef = EF44B591248ED80600454625 /* ViewController.swift */; };
		EF44B595248ED80600454625 /* Main.storyboard in Resources */ = {isa = PBXBuildFile; fileRef = EF44B593248ED80600454625 /* Main.storyboard */; };
		EF44B597248ED80A00454625 /* Assets.xcassets in Resources */ = {isa = PBXBuildFile; fileRef = EF44B596248ED80A00454625 /* Assets.xcassets */; };
		EF44B59A248ED80A00454625 /* LaunchScreen.storyboard in Resources */ = {isa = PBXBuildFile; fileRef = EF44B598248ED80A00454625 /* LaunchScreen.storyboard */; };
		EF44B5A2248ED83900454625 /* Hand.mlmodel in Sources */ = {isa = PBXBuildFile; fileRef = EF44B5A1248ED83900454625 /* Hand.mlmodel */; };
		EF44B5A4248EDC4200454625 /* Helpers.swift in Sources */ = {isa = PBXBuildFile; fileRef = EF44B5A3248EDC4200454625 /* Helpers.swift */; };
		EF44B5A8248EDCA500454625 /* Nodes.swift in Sources */ = {isa = PBXBuildFile; fileRef = EF44B5A6248EDCA500454625 /* Nodes.swift */; };
		EF44B5AB248EDD0100454625 /* Box.swift in Sources */ = {isa = PBXBuildFile; fileRef = EF44B5AA248EDD0100454625 /* Box.swift */; };
		EF8D43682497A933007FD366 /* c3.mp3 in Resources */ = {isa = PBXBuildFile; fileRef = EF8D43672497A933007FD366 /* c3.mp3 */; };
		EF8D436A2497AE63007FD366 /* d3.mp3 in Resources */ = {isa = PBXBuildFile; fileRef = EF8D43692497AE63007FD366 /* d3.mp3 */; };
		EF8D436E2497B132007FD366 /* g3.mp3 in Resources */ = {isa = PBXBuildFile; fileRef = EF8D436B2497B132007FD366 /* g3.mp3 */; };
		EF8D436F2497B132007FD366 /* e3.mp3 in Resources */ = {isa = PBXBuildFile; fileRef = EF8D436C2497B132007FD366 /* e3.mp3 */; };
		EF8D43702497B132007FD366 /* f3.mp3 in Resources */ = {isa = PBXBuildFile; fileRef = EF8D436D2497B132007FD366 /* f3.mp3 */; };
		EFE21A57248FA5AE002D245F /* TouchManager.swift in Sources */ = {isa = PBXBuildFile; fileRef = EFE21A56248FA5AE002D245F /* TouchManager.swift */; };
/* End PBXBuildFile section */

/* Begin PBXFileReference section */
		EF44B58A248ED80600454625 /* Hand Interactive AR Playground.app */ = {isa = PBXFileReference; explicitFileType = wrapper.application; includeInIndex = 0; path = "Hand Interactive AR Playground.app"; sourceTree = BUILT_PRODUCTS_DIR; };
		EF44B58D248ED80600454625 /* AppDelegate.swift */ = {isa = PBXFileReference; lastKnownFileType = sourcecode.swift; path = AppDelegate.swift; sourceTree = "<group>"; };
		EF44B58F248ED80600454625 /* art.scnassets */ = {isa = PBXFileReference; lastKnownFileType = wrapper.scnassets; path = art.scnassets; sourceTree = "<group>"; };
		EF44B591248ED80600454625 /* ViewController.swift */ = {isa = PBXFileReference; lastKnownFileType = sourcecode.swift; path = ViewController.swift; sourceTree = "<group>"; };
		EF44B594248ED80600454625 /* Base */ = {isa = PBXFileReference; lastKnownFileType = file.storyboard; name = Base; path = Base.lproj/Main.storyboard; sourceTree = "<group>"; };
		EF44B596248ED80A00454625 /* Assets.xcassets */ = {isa = PBXFileReference; lastKnownFileType = folder.assetcatalog; path = Assets.xcassets; sourceTree = "<group>"; };
		EF44B599248ED80A00454625 /* Base */ = {isa = PBXFileReference; lastKnownFileType = file.storyboard; name = Base; path = Base.lproj/LaunchScreen.storyboard; sourceTree = "<group>"; };
		EF44B59B248ED80A00454625 /* Info.plist */ = {isa = PBXFileReference; lastKnownFileType = text.plist.xml; path = Info.plist; sourceTree = "<group>"; };
		EF44B5A1248ED83900454625 /* Hand.mlmodel */ = {isa = PBXFileReference; lastKnownFileType = file.mlmodel; name = Hand.mlmodel; path = ../../PinchDrawing/PinchDrawing/Hand.mlmodel; sourceTree = "<group>"; };
		EF44B5A3248EDC4200454625 /* Helpers.swift */ = {isa = PBXFileReference; fileEncoding = 4; lastKnownFileType = sourcecode.swift; path = Helpers.swift; sourceTree = "<group>"; };
		EF44B5A6248EDCA500454625 /* Nodes.swift */ = {isa = PBXFileReference; fileEncoding = 4; lastKnownFileType = sourcecode.swift; path = Nodes.swift; sourceTree = "<group>"; };
		EF44B5AA248EDD0100454625 /* Box.swift */ = {isa = PBXFileReference; fileEncoding = 4; lastKnownFileType = sourcecode.swift; path = Box.swift; sourceTree = "<group>"; };
		EF8D43672497A933007FD366 /* c3.mp3 */ = {isa = PBXFileReference; lastKnownFileType = audio.mp3; path = c3.mp3; sourceTree = "<group>"; };
		EF8D43692497AE63007FD366 /* d3.mp3 */ = {isa = PBXFileReference; lastKnownFileType = audio.mp3; path = d3.mp3; sourceTree = "<group>"; };
		EF8D436B2497B132007FD366 /* g3.mp3 */ = {isa = PBXFileReference; lastKnownFileType = audio.mp3; path = g3.mp3; sourceTree = "<group>"; };
		EF8D436C2497B132007FD366 /* e3.mp3 */ = {isa = PBXFileReference; lastKnownFileType = audio.mp3; path = e3.mp3; sourceTree = "<group>"; };
		EF8D436D2497B132007FD366 /* f3.mp3 */ = {isa = PBXFileReference; lastKnownFileType = audio.mp3; path = f3.mp3; sourceTree = "<group>"; };
		EFE21A56248FA5AE002D245F /* TouchManager.swift */ = {isa = PBXFileReference; lastKnownFileType = sourcecode.swift; path = TouchManager.swift; sourceTree = "<group>"; };
/* End PBXFileReference section */

/* Begin PBXFrameworksBuildPhase section */
		EF44B587248ED80600454625 /* Frameworks */ = {
			isa = PBXFrameworksBuildPhase;
			buildActionMask = 2147483647;
			files = (
			);
			runOnlyForDeploymentPostprocessing = 0;
		};
/* End PBXFrameworksBuildPhase section */

/* Begin PBXGroup section */
		EF44B581248ED80600454625 = {
			isa = PBXGroup;
			children = (
				EF44B58C248ED80600454625 /* Hand Interactive AR Playground */,
				EF44B58B248ED80600454625 /* Products */,
				EF44B5A5248EDC5100454625 /* Model */,
			);
			sourceTree = "<group>";
		};
		EF44B58B248ED80600454625 /* Products */ = {
			isa = PBXGroup;
			children = (
				EF44B58A248ED80600454625 /* Hand Interactive AR Playground.app */,
			);
			name = Products;
			sourceTree = "<group>";
		};
		EF44B58C248ED80600454625 /* Hand Interactive AR Playground */ = {
			isa = PBXGroup;
			children = (
				EF44B58D248ED80600454625 /* AppDelegate.swift */,
				EF44B58F248ED80600454625 /* art.scnassets */,
				EF44B591248ED80600454625 /* ViewController.swift */,
				EF44B5A1248ED83900454625 /* Hand.mlmodel */,
				EF44B593248ED80600454625 /* Main.storyboard */,
				EF44B596248ED80A00454625 /* Assets.xcassets */,
				EF44B598248ED80A00454625 /* LaunchScreen.storyboard */,
				EF8D43672497A933007FD366 /* c3.mp3 */,
				EF8D43692497AE63007FD366 /* d3.mp3 */,
				EF8D436C2497B132007FD366 /* e3.mp3 */,
				EF8D436D2497B132007FD366 /* f3.mp3 */,
				EF8D436B2497B132007FD366 /* g3.mp3 */,
				EF44B59B248ED80A00454625 /* Info.plist */,
			);
			path = "Hand Interactive AR Playground";
			sourceTree = "<group>";
		};
		EF44B5A5248EDC5100454625 /* Model */ = {
			isa = PBXGroup;
			children = (
				EF44B5A6248EDCA500454625 /* Nodes.swift */,
				EF44B5A3248EDC4200454625 /* Helpers.swift */,
				EF44B5AA248EDD0100454625 /* Box.swift */,
				EFE21A56248FA5AE002D245F /* TouchManager.swift */,
			);
			path = Model;
			sourceTree = "<group>";
		};
/* End PBXGroup section */

/* Begin PBXNativeTarget section */
		EF44B589248ED80600454625 /* Hand Interactive AR Playground */ = {
			isa = PBXNativeTarget;
			buildConfigurationList = EF44B59E248ED80A00454625 /* Build configuration list for PBXNativeTarget "Hand Interactive AR Playground" */;
			buildPhases = (
				EF44B586248ED80600454625 /* Sources */,
				EF44B587248ED80600454625 /* Frameworks */,
				EF44B588248ED80600454625 /* Resources */,
			);
			buildRules = (
			);
			dependencies = (
			);
			name = "Hand Interactive AR Playground";
			productName = "Hand Interactive AR Playground";
			productReference = EF44B58A248ED80600454625 /* Hand Interactive AR Playground.app */;
			productType = "com.apple.product-type.application";
		};
/* End PBXNativeTarget section */

/* Begin PBXProject section */
		EF44B582248ED80600454625 /* Project object */ = {
			isa = PBXProject;
			attributes = {
				LastSwiftUpdateCheck = 1140;
				LastUpgradeCheck = 1140;
				ORGANIZATIONNAME = "João Costa";
				TargetAttributes = {
					EF44B589248ED80600454625 = {
						CreatedOnToolsVersion = 11.4.1;
					};
				};
			};
			buildConfigurationList = EF44B585248ED80600454625 /* Build configuration list for PBXProject "Hand Interactive AR Playground" */;
			compatibilityVersion = "Xcode 9.3";
			developmentRegion = en;
			hasScannedForEncodings = 0;
			knownRegions = (
				en,
				Base,
			);
			mainGroup = EF44B581248ED80600454625;
			productRefGroup = EF44B58B248ED80600454625 /* Products */;
			projectDirPath = "";
			projectRoot = "";
			targets = (
				EF44B589248ED80600454625 /* Hand Interactive AR Playground */,
			);
		};
/* End PBXProject section */

/* Begin PBXResourcesBuildPhase section */
		EF44B588248ED80600454625 /* Resources */ = {
			isa = PBXResourcesBuildPhase;
			buildActionMask = 2147483647;
			files = (
				EF44B590248ED80600454625 /* art.scnassets in Resources */,
				EF44B59A248ED80A00454625 /* LaunchScreen.storyboard in Resources */,
				EF44B597248ED80A00454625 /* Assets.xcassets in Resources */,
				EF44B595248ED80600454625 /* Main.storyboard in Resources */,
				EF8D436F2497B132007FD366 /* e3.mp3 in Resources */,
				EF8D43682497A933007FD366 /* c3.mp3 in Resources */,
				EF8D436E2497B132007FD366 /* g3.mp3 in Resources */,
				EF8D43702497B132007FD366 /* f3.mp3 in Resources */,
				EF8D436A2497AE63007FD366 /* d3.mp3 in Resources */,
			);
			runOnlyForDeploymentPostprocessing = 0;
		};
/* End PBXResourcesBuildPhase section */

/* Begin PBXSourcesBuildPhase section */
		EF44B586248ED80600454625 /* Sources */ = {
			isa = PBXSourcesBuildPhase;
			buildActionMask = 2147483647;
			files = (
				EFE21A57248FA5AE002D245F /* TouchManager.swift in Sources */,
				EF44B5A8248EDCA500454625 /* Nodes.swift in Sources */,
				EF44B592248ED80600454625 /* ViewController.swift in Sources */,
				EF44B5A2248ED83900454625 /* Hand.mlmodel in Sources */,
				EF44B5AB248EDD0100454625 /* Box.swift in Sources */,
				EF44B58E248ED80600454625 /* AppDelegate.swift in Sources */,
				EF44B5A4248EDC4200454625 /* Helpers.swift in Sources */,
			);
			runOnlyForDeploymentPostprocessing = 0;
		};
/* End PBXSourcesBuildPhase section */

/* Begin PBXVariantGroup section */
		EF44B593248ED80600454625 /* Main.storyboard */ = {
			isa = PBXVariantGroup;
			children = (
				EF44B594248ED80600454625 /* Base */,
			);
			name = Main.storyboard;
			sourceTree = "<group>";
		};
		EF44B598248ED80A00454625 /* LaunchScreen.storyboard */ = {
			isa = PBXVariantGroup;
			children = (
				EF44B599248ED80A00454625 /* Base */,
			);
			name = LaunchScreen.storyboard;
			sourceTree = "<group>";
		};
/* End PBXVariantGroup section */

/* Begin XCBuildConfiguration section */
		EF44B59C248ED80A00454625 /* Debug */ = {
			isa = XCBuildConfiguration;
			buildSettings = {
				ALWAYS_SEARCH_USER_PATHS = NO;
				CLANG_ANALYZER_NONNULL = YES;
				CLANG_ANALYZER_NUMBER_OBJECT_CONVERSION = YES_AGGRESSIVE;
				CLANG_CXX_LANGUAGE_STANDARD = "gnu++14";
				CLANG_CXX_LIBRARY = "libc++";
				CLANG_ENABLE_MODULES = YES;
				CLANG_ENABLE_OBJC_ARC = YES;
				CLANG_ENABLE_OBJC_WEAK = YES;
				CLANG_WARN_BLOCK_CAPTURE_AUTORELEASING = YES;
				CLANG_WARN_BOOL_CONVERSION = YES;
				CLANG_WARN_COMMA = YES;
				CLANG_WARN_CONSTANT_CONVERSION = YES;
				CLANG_WARN_DEPRECATED_OBJC_IMPLEMENTATIONS = YES;
				CLANG_WARN_DIRECT_OBJC_ISA_USAGE = YES_ERROR;
				CLANG_WARN_DOCUMENTATION_COMMENTS = YES;
				CLANG_WARN_EMPTY_BODY = YES;
				CLANG_WARN_ENUM_CONVERSION = YES;
				CLANG_WARN_INFINITE_RECURSION = YES;
				CLANG_WARN_INT_CONVERSION = YES;
				CLANG_WARN_NON_LITERAL_NULL_CONVERSION = YES;
				CLANG_WARN_OBJC_IMPLICIT_RETAIN_SELF = YES;
				CLANG_WARN_OBJC_LITERAL_CONVERSION = YES;
				CLANG_WARN_OBJC_ROOT_CLASS = YES_ERROR;
				CLANG_WARN_RANGE_LOOP_ANALYSIS = YES;
				CLANG_WARN_STRICT_PROTOTYPES = YES;
				CLANG_WARN_SUSPICIOUS_MOVE = YES;
				CLANG_WARN_UNGUARDED_AVAILABILITY = YES_AGGRESSIVE;
				CLANG_WARN_UNREACHABLE_CODE = YES;
				CLANG_WARN__DUPLICATE_METHOD_MATCH = YES;
				COPY_PHASE_STRIP = NO;
				DEBUG_INFORMATION_FORMAT = dwarf;
				ENABLE_STRICT_OBJC_MSGSEND = YES;
				ENABLE_TESTABILITY = YES;
				GCC_C_LANGUAGE_STANDARD = gnu11;
				GCC_DYNAMIC_NO_PIC = NO;
				GCC_NO_COMMON_BLOCKS = YES;
				GCC_OPTIMIZATION_LEVEL = 0;
				GCC_PREPROCESSOR_DEFINITIONS = (
					"DEBUG=1",
					"$(inherited)",
				);
				GCC_WARN_64_TO_32_BIT_CONVERSION = YES;
				GCC_WARN_ABOUT_RETURN_TYPE = YES_ERROR;
				GCC_WARN_UNDECLARED_SELECTOR = YES;
				GCC_WARN_UNINITIALIZED_AUTOS = YES_AGGRESSIVE;
				GCC_WARN_UNUSED_FUNCTION = YES;
				GCC_WARN_UNUSED_VARIABLE = YES;
				IPHONEOS_DEPLOYMENT_TARGET = 13.4;
				MTL_ENABLE_DEBUG_INFO = INCLUDE_SOURCE;
				MTL_FAST_MATH = YES;
				ONLY_ACTIVE_ARCH = YES;
				SDKROOT = iphoneos;
				SWIFT_ACTIVE_COMPILATION_CONDITIONS = DEBUG;
				SWIFT_OPTIMIZATION_LEVEL = "-Onone";
			};
			name = Debug;
		};
		EF44B59D248ED80A00454625 /* Release */ = {
			isa = XCBuildConfiguration;
			buildSettings = {
				ALWAYS_SEARCH_USER_PATHS = NO;
				CLANG_ANALYZER_NONNULL = YES;
				CLANG_ANALYZER_NUMBER_OBJECT_CONVERSION = YES_AGGRESSIVE;
				CLANG_CXX_LANGUAGE_STANDARD = "gnu++14";
				CLANG_CXX_LIBRARY = "libc++";
				CLANG_ENABLE_MODULES = YES;
				CLANG_ENABLE_OBJC_ARC = YES;
				CLANG_ENABLE_OBJC_WEAK = YES;
				CLANG_WARN_BLOCK_CAPTURE_AUTORELEASING = YES;
				CLANG_WARN_BOOL_CONVERSION = YES;
				CLANG_WARN_COMMA = YES;
				CLANG_WARN_CONSTANT_CONVERSION = YES;
				CLANG_WARN_DEPRECATED_OBJC_IMPLEMENTATIONS = YES;
				CLANG_WARN_DIRECT_OBJC_ISA_USAGE = YES_ERROR;
				CLANG_WARN_DOCUMENTATION_COMMENTS = YES;
				CLANG_WARN_EMPTY_BODY = YES;
				CLANG_WARN_ENUM_CONVERSION = YES;
				CLANG_WARN_INFINITE_RECURSION = YES;
				CLANG_WARN_INT_CONVERSION = YES;
				CLANG_WARN_NON_LITERAL_NULL_CONVERSION = YES;
				CLANG_WARN_OBJC_IMPLICIT_RETAIN_SELF = YES;
				CLANG_WARN_OBJC_LITERAL_CONVERSION = YES;
				CLANG_WARN_OBJC_ROOT_CLASS = YES_ERROR;
				CLANG_WARN_RANGE_LOOP_ANALYSIS = YES;
				CLANG_WARN_STRICT_PROTOTYPES = YES;
				CLANG_WARN_SUSPICIOUS_MOVE = YES;
				CLANG_WARN_UNGUARDED_AVAILABILITY = YES_AGGRESSIVE;
				CLANG_WARN_UNREACHABLE_CODE = YES;
				CLANG_WARN__DUPLICATE_METHOD_MATCH = YES;
				COPY_PHASE_STRIP = NO;
				DEBUG_INFORMATION_FORMAT = "dwarf-with-dsym";
				ENABLE_NS_ASSERTIONS = NO;
				ENABLE_STRICT_OBJC_MSGSEND = YES;
				GCC_C_LANGUAGE_STANDARD = gnu11;
				GCC_NO_COMMON_BLOCKS = YES;
				GCC_WARN_64_TO_32_BIT_CONVERSION = YES;
				GCC_WARN_ABOUT_RETURN_TYPE = YES_ERROR;
				GCC_WARN_UNDECLARED_SELECTOR = YES;
				GCC_WARN_UNINITIALIZED_AUTOS = YES_AGGRESSIVE;
				GCC_WARN_UNUSED_FUNCTION = YES;
				GCC_WARN_UNUSED_VARIABLE = YES;
				IPHONEOS_DEPLOYMENT_TARGET = 13.4;
				MTL_ENABLE_DEBUG_INFO = NO;
				MTL_FAST_MATH = YES;
				SDKROOT = iphoneos;
				SWIFT_COMPILATION_MODE = wholemodule;
				SWIFT_OPTIMIZATION_LEVEL = "-O";
				VALIDATE_PRODUCT = YES;
			};
			name = Release;
		};
		EF44B59F248ED80A00454625 /* Debug */ = {
			isa = XCBuildConfiguration;
			buildSettings = {
				ASSETCATALOG_COMPILER_APPICON_NAME = AppIcon;
				CODE_SIGN_STYLE = Automatic;
				DEVELOPMENT_TEAM = SUT9Y4HT4J;
				INFOPLIST_FILE = "Hand Interactive AR Playground/Info.plist";
				LD_RUNPATH_SEARCH_PATHS = (
					"$(inherited)",
					"@executable_path/Frameworks",
				);
				PRODUCT_BUNDLE_IDENTIFIER = "com.joaojscosta.Hand-Interactive-AR-Playground";
				PRODUCT_NAME = "$(TARGET_NAME)";
				SWIFT_VERSION = 5.0;
				TARGETED_DEVICE_FAMILY = "1,2";
			};
			name = Debug;
		};
		EF44B5A0248ED80A00454625 /* Release */ = {
			isa = XCBuildConfiguration;
			buildSettings = {
				ASSETCATALOG_COMPILER_APPICON_NAME = AppIcon;
				CODE_SIGN_STYLE = Automatic;
				DEVELOPMENT_TEAM = SUT9Y4HT4J;
				INFOPLIST_FILE = "Hand Interactive AR Playground/Info.plist";
				LD_RUNPATH_SEARCH_PATHS = (
					"$(inherited)",
					"@executable_path/Frameworks",
				);
				PRODUCT_BUNDLE_IDENTIFIER = "com.joaojscosta.Hand-Interactive-AR-Playground";
				PRODUCT_NAME = "$(TARGET_NAME)";
				SWIFT_VERSION = 5.0;
				TARGETED_DEVICE_FAMILY = "1,2";
			};
			name = Release;
		};
/* End XCBuildConfiguration section */

/* Begin XCConfigurationList section */
		EF44B585248ED80600454625 /* Build configuration list for PBXProject "Hand Interactive AR Playground" */ = {
			isa = XCConfigurationList;
			buildConfigurations = (
				EF44B59C248ED80A00454625 /* Debug */,
				EF44B59D248ED80A00454625 /* Release */,
			);
			defaultConfigurationIsVisible = 0;
			defaultConfigurationName = Release;
		};
		EF44B59E248ED80A00454625 /* Build configuration list for PBXNativeTarget "Hand Interactive AR Playground" */ = {
			isa = XCConfigurationList;
			buildConfigurations = (
				EF44B59F248ED80A00454625 /* Debug */,
				EF44B5A0248ED80A00454625 /* Release */,
			);
			defaultConfigurationIsVisible = 0;
			defaultConfigurationName = Release;
		};
/* End XCConfigurationList section */
	};
	rootObject = EF44B582248ED80600454625 /* Project object */;
}
